// !$*UTF8*$!
{
	archiveVersion = 1;
	classes = {
	};
	objectVersion = 46;
	objects = {

/* Begin PBXBuildFile section */
		62F6B6061EB9C7EA008031D0 /* main.swift in Sources */ = {isa = PBXBuildFile; fileRef = 62F6B6051EB9C7EA008031D0 /* main.swift */; };
/* End PBXBuildFile section */

/* Begin PBXCopyFilesBuildPhase section */
		62F6B6001EB9C7EA008031D0 /* CopyFiles */ = {
			isa = PBXCopyFilesBuildPhase;
			buildActionMask = 2147483647;
			dstPath = /usr/share/man/man1/;
			dstSubfolderSpec = 0;
			files = (
			);
			runOnlyForDeploymentPostprocessing = 1;
		};
/* End PBXCopyFilesBuildPhase section */

/* Begin PBXFileReference section */
		62F6B6021EB9C7EA008031D0 /* LTMProgrammationFonctionelleTP */ = {isa = PBXFileReference; explicitFileType = "compiled.mach-o.executable"; includeInIndex = 0; path = LTMProgrammationFonctionelleTP; sourceTree = BUILT_PRODUCTS_DIR; };
		62F6B6051EB9C7EA008031D0 /* main.swift */ = {isa = PBXFileReference; lastKnownFileType = sourcecode.swift; path = main.swift; sourceTree = "<group>"; };
		62F6B60C1EB9FFB0008031D0 /* enonce */ = {isa = PBXFileReference; fileEncoding = 4; lastKnownFileType = text; path = enonce; sourceTree = "<group>"; };
/* End PBXFileReference section */

/* Begin PBXFrameworksBuildPhase section */
		62F6B5FF1EB9C7EA008031D0 /* Frameworks */ = {
			isa = PBXFrameworksBuildPhase;
			buildActionMask = 2147483647;
			files = (
			);
			runOnlyForDeploymentPostprocessing = 0;
		};
/* End PBXFrameworksBuildPhase section */

/* Begin PBXGroup section */
		62F6B5F91EB9C7EA008031D0 = {
			isa = PBXGroup;
			children = (
				62F6B6041EB9C7EA008031D0 /* LTMProgrammationFonctionelleTP */,
				62F6B6031EB9C7EA008031D0 /* Products */,
			);
			sourceTree = "<group>";
		};
		62F6B6031EB9C7EA008031D0 /* Products */ = {
			isa = PBXGroup;
			children = (
				62F6B6021EB9C7EA008031D0 /* LTMProgrammationFonctionelleTP */,
			);
			name = Products;
			sourceTree = "<group>";
		};
		62F6B6041EB9C7EA008031D0 /* LTMProgrammationFonctionelleTP */ = {
			isa = PBXGroup;
			children = (
				62F6B6051EB9C7EA008031D0 /* main.swift */,
				62F6B60C1EB9FFB0008031D0 /* enonce */,
			);
			path = LTMProgrammationFonctionelleTP;
			sourceTree = "<group>";
		};
/* End PBXGroup section */

/* Begin PBXNativeTarget section */
		62F6B6011EB9C7EA008031D0 /* LTMProgrammationFonctionelleTP */ = {
			isa = PBXNativeTarget;
			buildConfigurationList = 62F6B6091EB9C7EA008031D0 /* Build configuration list for PBXNativeTarget "LTMProgrammationFonctionelleTP" */;
			buildPhases = (
				62F6B5FE1EB9C7EA008031D0 /* Sources */,
				62F6B5FF1EB9C7EA008031D0 /* Frameworks */,
				62F6B6001EB9C7EA008031D0 /* CopyFiles */,
			);
			buildRules = (
			);
			dependencies = (
			);
			name = LTMProgrammationFonctionelleTP;
			productName = LTMProgrammationFonctionelleTP;
			productReference = 62F6B6021EB9C7EA008031D0 /* LTMProgrammationFonctionelleTP */;
			productType = "com.apple.product-type.tool";
		};
/* End PBXNativeTarget section */

/* Begin PBXProject section */
		62F6B5FA1EB9C7EA008031D0 /* Project object */ = {
			isa = PBXProject;
			attributes = {
				LastSwiftUpdateCheck = 0830;
				LastUpgradeCheck = 0830;
				ORGANIZATIONNAME = LTM;
				TargetAttributes = {
					62F6B6011EB9C7EA008031D0 = {
						CreatedOnToolsVersion = 8.3.2;
						DevelopmentTeam = 2BSP2EH399;
						ProvisioningStyle = Automatic;
					};
				};
			};
			buildConfigurationList = 62F6B5FD1EB9C7EA008031D0 /* Build configuration list for PBXProject "LTMProgrammationFonctionelleTP" */;
			compatibilityVersion = "Xcode 3.2";
			developmentRegion = English;
			hasScannedForEncodings = 0;
			knownRegions = (
				en,
			);
			mainGroup = 62F6B5F91EB9C7EA008031D0;
			productRefGroup = 62F6B6031EB9C7EA008031D0 /* Products */;
			projectDirPath = "";
			projectRoot = "";
			targets = (
				62F6B6011EB9C7EA008031D0 /* LTMProgrammationFonctionelleTP */,
			);
		};
/* End PBXProject section */

/* Begin PBXSourcesBuildPhase section */
		62F6B5FE1EB9C7EA008031D0 /* Sources */ = {
			isa = PBXSourcesBuildPhase;
			buildActionMask = 2147483647;
			files = (
				62F6B6061EB9C7EA008031D0 /* main.swift in Sources */,
			);
			runOnlyForDeploymentPostprocessing = 0;
		};
/* End PBXSourcesBuildPhase section */

/* Begin XCBuildConfiguration section */
		62F6B6071EB9C7EA008031D0 /* Debug */ = {
			isa = XCBuildConfiguration;
			buildSettings = {
				ALWAYS_SEARCH_USER_PATHS = NO;
				CLANG_ANALYZER_NONNULL = YES;
				CLANG_ANALYZER_NUMBER_OBJECT_CONVERSION = YES_AGGRESSIVE;
				CLANG_CXX_LANGUAGE_STANDARD = "gnu++0x";
				CLANG_CXX_LIBRARY = "libc++";
				CLANG_ENABLE_MODULES = YES;
				CLANG_ENABLE_OBJC_ARC = YES;
				CLANG_WARN_BOOL_CONVERSION = YES;
				CLANG_WARN_CONSTANT_CONVERSION = YES;
				CLANG_WARN_DIRECT_OBJC_ISA_USAGE = YES_ERROR;
				CLANG_WARN_DOCUMENTATION_COMMENTS = YES;
				CLANG_WARN_EMPTY_BODY = YES;
				CLANG_WARN_ENUM_CONVERSION = YES;
				CLANG_WARN_INFINITE_RECURSION = YES;
				CLANG_WARN_INT_CONVERSION = YES;
				CLANG_WARN_OBJC_ROOT_CLASS = YES_ERROR;
				CLANG_WARN_SUSPICIOUS_MOVE = YES;
				CLANG_WARN_UNREACHABLE_CODE = YES;
				CLANG_WARN__DUPLICATE_METHOD_MATCH = YES;
				CODE_SIGN_IDENTITY = "-";
				COPY_PHASE_STRIP = NO;
				DEBUG_INFORMATION_FORMAT = dwarf;
				ENABLE_STRICT_OBJC_MSGSEND = YES;
				ENABLE_TESTABILITY = YES;
				GCC_C_LANGUAGE_STANDARD = gnu99;
				GCC_DYNAMIC_NO_PIC = NO;
				GCC_NO_COMMON_BLOCKS = YES;
				GCC_OPTIMIZATION_LEVEL = 0;
				GCC_PREPROCESSOR_DEFINITIONS = (
					"DEBUG=1",
					"$(inherited)",
				);
				GCC_WARN_64_TO_32_BIT_CONVERSION = YES;
				GCC_WARN_ABOUT_RETURN_TYPE = YES_ERROR;
				GCC_WARN_UNDECLARED_SELECTOR = YES;
				GCC_WARN_UNINITIALIZED_AUTOS = YES_AGGRESSIVE;
				GCC_WARN_UNUSED_FUNCTION = YES;
				GCC_WARN_UNUSED_VARIABLE = YES;
				MACOSX_DEPLOYMENT_TARGET = 10.12;
				MTL_ENABLE_DEBUG_INFO = YES;
				ONLY_ACTIVE_ARCH = YES;
				SDKROOT = macosx;
				SWIFT_OPTIMIZATION_LEVEL = "-Onone";
			};
			name = Debug;
		};
		62F6B6081EB9C7EA008031D0 /* Release */ = {
			isa = XCBuildConfiguration;
			buildSettings = {
				ALWAYS_SEARCH_USER_PATHS = NO;
				CLANG_ANALYZER_NONNULL = YES;
				CLANG_ANALYZER_NUMBER_OBJECT_CONVERSION = YES_AGGRESSIVE;
				CLANG_CXX_LANGUAGE_STANDARD = "gnu++0x";
				CLANG_CXX_LIBRARY = "libc++";
				CLANG_ENABLE_MODULES = YES;
				CLANG_ENABLE_OBJC_ARC = YES;
				CLANG_WARN_BOOL_CONVERSION = YES;
				CLANG_WARN_CONSTANT_CONVERSION = YES;
				CLANG_WARN_DIRECT_OBJC_ISA_USAGE = YES_ERROR;
				CLANG_WARN_DOCUMENTATION_COMMENTS = YES;
				CLANG_WARN_EMPTY_BODY = YES;
				CLANG_WARN_ENUM_CONVERSION = YES;
				CLANG_WARN_INFINITE_RECURSION = YES;
				CLANG_WARN_INT_CONVERSION = YES;
				CLANG_WARN_OBJC_ROOT_CLASS = YES_ERROR;
				CLANG_WARN_SUSPICIOUS_MOVE = YES;
				CLANG_WARN_UNREACHABLE_CODE = YES;
				CLANG_WARN__DUPLICATE_METHOD_MATCH = YES;
				CODE_SIGN_IDENTITY = "-";
				COPY_PHASE_STRIP = NO;
				DEBUG_INFORMATION_FORMAT = "dwarf-with-dsym";
				ENABLE_NS_ASSERTIONS = NO;
				ENABLE_STRICT_OBJC_MSGSEND = YES;
				GCC_C_LANGUAGE_STANDARD = gnu99;
				GCC_NO_COMMON_BLOCKS = YES;
				GCC_WARN_64_TO_32_BIT_CONVERSION = YES;
				GCC_WARN_ABOUT_RETURN_TYPE = YES_ERROR;
				GCC_WARN_UNDECLARED_SELECTOR = YES;
				GCC_WARN_UNINITIALIZED_AUTOS = YES_AGGRESSIVE;
				GCC_WARN_UNUSED_FUNCTION = YES;
				GCC_WARN_UNUSED_VARIABLE = YES;
				MACOSX_DEPLOYMENT_TARGET = 10.12;
				MTL_ENABLE_DEBUG_INFO = NO;
				SDKROOT = macosx;
			};
			name = Release;
		};
		62F6B60A1EB9C7EA008031D0 /* Debug */ = {
			isa = XCBuildConfiguration;
			buildSettings = {
				DEVELOPMENT_TEAM = 2BSP2EH399;
				PRODUCT_NAME = "$(TARGET_NAME)";
				SWIFT_VERSION = 3.0;
			};
			name = Debug;
		};
		62F6B60B1EB9C7EA008031D0 /* Release */ = {
			isa = XCBuildConfiguration;
			buildSettings = {
				DEVELOPMENT_TEAM = 2BSP2EH399;
				PRODUCT_NAME = "$(TARGET_NAME)";
				SWIFT_VERSION = 3.0;
			};
			name = Release;
		};
/* End XCBuildConfiguration section */

/* Begin XCConfigurationList section */
		62F6B5FD1EB9C7EA008031D0 /* Build configuration list for PBXProject "LTMProgrammationFonctionelleTP" */ = {
			isa = XCConfigurationList;
			buildConfigurations = (
				62F6B6071EB9C7EA008031D0 /* Debug */,
				62F6B6081EB9C7EA008031D0 /* Release */,
			);
			defaultConfigurationIsVisible = 0;
			defaultConfigurationName = Release;
		};
		62F6B6091EB9C7EA008031D0 /* Build configuration list for PBXNativeTarget "LTMProgrammationFonctionelleTP" */ = {
			isa = XCConfigurationList;
			buildConfigurations = (
				62F6B60A1EB9C7EA008031D0 /* Debug */,
				62F6B60B1EB9C7EA008031D0 /* Release */,
			);
			defaultConfigurationIsVisible = 0;
		};
/* End XCConfigurationList section */
	};
	rootObject = 62F6B5FA1EB9C7EA008031D0 /* Project object */;
}
